
Microsoft Visual Studio Solution File, Format Version 12.00
# Visual Studio Version 16
VisualStudioVersion = 16.0.29709.97
MinimumVisualStudioVersion = 10.0.40219.1
Project("{FAE04EC0-301F-11D3-BF4B-00C04F79EFBC}") = "StockToolConsole", "StockToolConsole\StockToolConsole.csproj", "{904C257F-C31F-49CF-B412-3DB9EC14CE7E}"
EndProject
Project("{FAE04EC0-301F-11D3-BF4B-00C04F79EFBC}") = "AlphaVantageClient", "AlphaVantageClient\AlphaVantageClient.csproj", "{A74CDCA2-85BA-4DA7-9CA1-7DE44430E41C}"
EndProject
Global
	GlobalSection(SolutionConfigurationPlatforms) = preSolution
		Debug|Any CPU = Debug|Any CPU
		Release|Any CPU = Release|Any CPU
	EndGlobalSection
	GlobalSection(ProjectConfigurationPlatforms) = postSolution
		{904C257F-C31F-49CF-B412-3DB9EC14CE7E}.Debug|Any CPU.ActiveCfg = Debug|Any CPU
		{904C257F-C31F-49CF-B412-3DB9EC14CE7E}.Debug|Any CPU.Build.0 = Debug|Any CPU
		{904C257F-C31F-49CF-B412-3DB9EC14CE7E}.Release|Any CPU.ActiveCfg = Release|Any CPU
		{904C257F-C31F-49CF-B412-3DB9EC14CE7E}.Release|Any CPU.Build.0 = Release|Any CPU
		{A74CDCA2-85BA-4DA7-9CA1-7DE44430E41C}.Debug|Any CPU.ActiveCfg = Debug|Any CPU
		{A74CDCA2-85BA-4DA7-9CA1-7DE44430E41C}.Debug|Any CPU.Build.0 = Debug|Any CPU
		{A74CDCA2-85BA-4DA7-9CA1-7DE44430E41C}.Release|Any CPU.ActiveCfg = Release|Any CPU
		{A74CDCA2-85BA-4DA7-9CA1-7DE44430E41C}.Release|Any CPU.Build.0 = Release|Any CPU
	EndGlobalSection
	GlobalSection(SolutionProperties) = preSolution
		HideSolutionNode = FALSE
	EndGlobalSection
	GlobalSection(ExtensibilityGlobals) = postSolution
		SolutionGuid = {FEEAB018-F518-4899-90E0-E44D8413987B}
	EndGlobalSection
EndGlobal
